
Microsoft Visual Studio Solution File, Format Version 12.00
# Visual Studio Version 17
VisualStudioVersion = 17.4.33213.308
MinimumVisualStudioVersion = 10.0.40219.1
Project("{FAE04EC0-301F-11D3-BF4B-00C04F79EFBC}") = "Web_Sell", "Web_Sell\Web_Sell.csproj", "{EBCB1085-ADEA-49C4-90B7-6962A4A59845}"
EndProject
Global
	GlobalSection(SolutionConfigurationPlatforms) = preSolution
		Debug|Any CPU = Debug|Any CPU
		Release|Any CPU = Release|Any CPU
	EndGlobalSection
	GlobalSection(ProjectConfigurationPlatforms) = postSolution
		{EBCB1085-ADEA-49C4-90B7-6962A4A59845}.Debug|Any CPU.ActiveCfg = Debug|Any CPU
		{EBCB1085-ADEA-49C4-90B7-6962A4A59845}.Debug|Any CPU.Build.0 = Debug|Any CPU
		{EBCB1085-ADEA-49C4-90B7-6962A4A59845}.Release|Any CPU.ActiveCfg = Release|Any CPU
		{EBCB1085-ADEA-49C4-90B7-6962A4A59845}.Release|Any CPU.Build.0 = Release|Any CPU
	EndGlobalSection
	GlobalSection(SolutionProperties) = preSolution
		HideSolutionNode = FALSE
	EndGlobalSection
	GlobalSection(ExtensibilityGlobals) = postSolution
		SolutionGuid = {F76489B3-D6AD-4650-9E36-94DF2EE4CAE5}
	EndGlobalSection
EndGlobal
